{
  "version": 4,
  "terraform_version": "1.7.0",
  "serial": 7,
  "lineage": "b246ed83-41a8-6df8-eb74-97ee7bda3373",
  "outputs": {
    "access_key_id": {
      "value": "AKIARWKY24WJBWFYH4DS",
      "type": "string",
      "sensitive": true
    },
    "secret_access_key": {
      "value": "cbMwT9EW5gJyE5IpfqodTaLYiam4vI8J62p9SVab",
      "type": "string",
      "sensitive": true
    }
  },
  "resources": [
    {
      "mode": "managed",
      "type": "aws_iam_access_key",
      "name": "bob_user_key",
      "provider": "provider[\"registry.terraform.io/hashicorp/aws\"]",
      "instances": [
        {
          "schema_version": 0,
          "attributes": {
            "create_date": "2024-04-06T06:49:07Z",
            "encrypted_secret": null,
            "encrypted_ses_smtp_password_v4": null,
            "id": "AKIARWKY24WJBWFYH4DS",
            "key_fingerprint": null,
            "pgp_key": null,
            "secret": "cbMwT9EW5gJyE5IpfqodTaLYiam4vI8J62p9SVab",
            "ses_smtp_password_v4": "BF8c/7CcuUS292FUyoVI6yZpD64PyFJg/GKkXQTJQqam",
            "status": "Active",
            "user": "Bob"
          },
          "sensitive_attributes": [],
          "private": "bnVsbA==",
          "dependencies": [
            "aws_iam_user.bob"
          ]
        }
      ]
    },
    {
      "mode": "managed",
      "type": "aws_iam_user",
      "name": "bob",
      "provider": "provider[\"registry.terraform.io/hashicorp/aws\"]",
      "instances": [
        {
          "schema_version": 0,
          "attributes": {
            "arn": "arn:aws:iam::116687299986:user/Bob",
            "force_destroy": false,
            "id": "Bob",
            "name": "Bob",
            "path": "/",
            "permissions_boundary": "",
            "tags": {},
            "tags_all": {},
            "unique_id": "AIDARWKY24WJPRTLSE5N4"
          },
          "sensitive_attributes": [],
          "private": "bnVsbA=="
        }
      ]
    },
    {
      "mode": "managed",
      "type": "aws_iam_user",
      "name": "dave",
      "provider": "provider[\"registry.terraform.io/hashicorp/aws\"]",
      "instances": [
        {
          "schema_version": 0,
          "attributes": {
            "arn": "arn:aws:iam::116687299986:user/Dave",
            "force_destroy": false,
            "id": "Dave",
            "name": "Dave",
            "path": "/",
            "permissions_boundary": "",
            "tags": {},
            "tags_all": {},
            "unique_id": "AIDARWKY24WJACNTCSCD3"
          },
          "sensitive_attributes": [],
          "private": "bnVsbA=="
        }
      ]
    },
    {
      "mode": "managed",
      "type": "aws_iam_user_policy",
      "name": "bob_custom_policy",
      "provider": "provider[\"registry.terraform.io/hashicorp/aws\"]",
      "instances": [
        {
          "schema_version": 0,
          "attributes": {
            "id": "Bob:BobCustomPolicy",
            "name": "BobCustomPolicy",
            "name_prefix": "",
            "policy": "{\"Version\":\"2012-10-17\",\"Statement\":[{\"Action\":[\"iam:Get*\",\"iam:List*\",\"iam:Put*\",\"iam:SimulateCustomPolicy\",\"iam:SimulatePrincipalPolicy\"],\"Effect\":\"Allow\",\"Resource\":\"*\",\"Sid\":\"Statement1\"}]}",
            "user": "Bob"
          },
          "sensitive_attributes": [],
          "private": "bnVsbA==",
          "dependencies": [
            "aws_iam_user.bob"
          ]
        }
      ]
    },
    {
      "mode": "managed",
      "type": "aws_iam_user_policy_attachment",
      "name": "dave_admin_policy",
      "provider": "provider[\"registry.terraform.io/hashicorp/aws\"]",
      "instances": [
        {
          "schema_version": 0,
          "attributes": {
            "id": "Dave-20240406064126759100000001",
            "policy_arn": "arn:aws:iam::aws:policy/AdministratorAccess",
            "user": "Dave"
          },
          "sensitive_attributes": [],
          "private": "bnVsbA==",
          "dependencies": [
            "aws_iam_user.dave"
          ]
        }
      ]
    }
  ],
  "check_results": null
}
